<?xml version="1.0" encoding="UTF-8" standalone="yes" ?>
<CodeBlocks_project_file>
	<FileVersion major="1" minor="6" />
	<Project>
		<Option title="oberon" />
		<Option pch_mode="2" />
		<Option compiler="gcc" />
		<Build>
			<Target title="Debug">
				<Option output="bin/Debug/oberon" prefix_auto="1" extension_auto="1" />
				<Option object_output="obj/Debug/" />
				<Option type="1" />
				<Option compiler="gcc" />
				<Option parameters="-d --image=oberon_fs.img /home/nounours/fuse" />
				<Compiler>
					<Add option="-g" />
				</Compiler>
			</Target>
			<Target title="Release">
				<Option output="bin/Release/oberon" prefix_auto="1" extension_auto="1" />
				<Option object_output="obj/Release/" />
				<Option type="1" />
				<Option compiler="gcc" />
				<Option parameters="--image=oberon_fs.img /home/nounours/fuse" />
				<Compiler>
					<Add option="-O2" />
				</Compiler>
				<Linker>
					<Add option="-s" />
				</Linker>
			</Target>
			<Target title="RISCW32">
				<Option output="bin/Debug/oberon" prefix_auto="1" extension_auto="1" />
				<Option object_output="obj/Debug/" />
				<Option type="1" />
				<Option compiler="gcc" />
				<Option parameters="-d --offset=-1024 --image=/home/nounours/Documents/Oberon/sources/RISCW32/.OBERON.FS /home/nounours/fuse" />
				<Compiler>
					<Add option="-g" />
					<Add option="`pkgconf --cflags fuse3`" />
					<Add directory="../../oberon_fs" />
				</Compiler>
				<Linker>
					<Add option="`pkgconf --libs fuse3`" />
				</Linker>
			</Target>
		</Build>
		<Compiler>
			<Add option="-Wall" />
			<Add option="`pkgconf --cflags fuse3`" />
			<Add directory="../../oberon_fs" />
		</Compiler>
		<Linker>
			<Add option="`pkgconf --libs fuse3`" />
		</Linker>
		<Unit filename=".gitignore" />
		<Unit filename="FileDir.c">
			<Option compilerVar="CC" />
		</Unit>
		<Unit filename="Files.c">
			<Option compilerVar="CC" />
		</Unit>
		<Unit filename="Kernel.c">
			<Option compilerVar="CC" />
		</Unit>
		<Unit filename="Modules.c">
			<Option compilerVar="CC" />
		</Unit>
		<Unit filename="oberon.c">
			<Option compilerVar="CC" />
		</Unit>
		<Extensions />
	</Project>
</CodeBlocks_project_file>
